
Microsoft Visual Studio Solution File, Format Version 12.00
# Visual Studio Version 16
VisualStudioVersion = 16.0.29201.188
MinimumVisualStudioVersion = 10.0.40219.1
Project("{FAE04EC0-301F-11D3-BF4B-00C04F79EFBC}") = "控件", "控件\控件.csproj", "{8D862A51-830A-4B09-BF85-AB03B721E18A}"
EndProject
Global
	GlobalSection(SolutionConfigurationPlatforms) = preSolution
		Debug|ARM = Debug|ARM
		Debug|ARM64 = Debug|ARM64
		Debug|x64 = Debug|x64
		Debug|x86 = Debug|x86
		Release|ARM = Release|ARM
		Release|ARM64 = Release|ARM64
		Release|x64 = Release|x64
		Release|x86 = Release|x86
	EndGlobalSection
	GlobalSection(ProjectConfigurationPlatforms) = postSolution
		{8D862A51-830A-4B09-BF85-AB03B721E18A}.Debug|ARM.ActiveCfg = Debug|ARM
		{8D862A51-830A-4B09-BF85-AB03B721E18A}.Debug|ARM.Build.0 = Debug|ARM
		{8D862A51-830A-4B09-BF85-AB03B721E18A}.Debug|ARM.Deploy.0 = Debug|ARM
		{8D862A51-830A-4B09-BF85-AB03B721E18A}.Debug|ARM64.ActiveCfg = Debug|ARM64
		{8D862A51-830A-4B09-BF85-AB03B721E18A}.Debug|ARM64.Build.0 = Debug|ARM64
		{8D862A51-830A-4B09-BF85-AB03B721E18A}.Debug|ARM64.Deploy.0 = Debug|ARM64
		{8D862A51-830A-4B09-BF85-AB03B721E18A}.Debug|x64.ActiveCfg = Debug|x64
		{8D862A51-830A-4B09-BF85-AB03B721E18A}.Debug|x64.Build.0 = Debug|x64
		{8D862A51-830A-4B09-BF85-AB03B721E18A}.Debug|x64.Deploy.0 = Debug|x64
		{8D862A51-830A-4B09-BF85-AB03B721E18A}.Debug|x86.ActiveCfg = Debug|x86
		{8D862A51-830A-4B09-BF85-AB03B721E18A}.Debug|x86.Build.0 = Debug|x86
		{8D862A51-830A-4B09-BF85-AB03B721E18A}.Debug|x86.Deploy.0 = Debug|x86
		{8D862A51-830A-4B09-BF85-AB03B721E18A}.Release|ARM.ActiveCfg = Release|ARM
		{8D862A51-830A-4B09-BF85-AB03B721E18A}.Release|ARM.Build.0 = Release|ARM
		{8D862A51-830A-4B09-BF85-AB03B721E18A}.Release|ARM.Deploy.0 = Release|ARM
		{8D862A51-830A-4B09-BF85-AB03B721E18A}.Release|ARM64.ActiveCfg = Release|ARM64
		{8D862A51-830A-4B09-BF85-AB03B721E18A}.Release|ARM64.Build.0 = Release|ARM64
		{8D862A51-830A-4B09-BF85-AB03B721E18A}.Release|ARM64.Deploy.0 = Release|ARM64
		{8D862A51-830A-4B09-BF85-AB03B721E18A}.Release|x64.ActiveCfg = Release|x64
		{8D862A51-830A-4B09-BF85-AB03B721E18A}.Release|x64.Build.0 = Release|x64
		{8D862A51-830A-4B09-BF85-AB03B721E18A}.Release|x64.Deploy.0 = Release|x64
		{8D862A51-830A-4B09-BF85-AB03B721E18A}.Release|x86.ActiveCfg = Release|x86
		{8D862A51-830A-4B09-BF85-AB03B721E18A}.Release|x86.Build.0 = Release|x86
		{8D862A51-830A-4B09-BF85-AB03B721E18A}.Release|x86.Deploy.0 = Release|x86
	EndGlobalSection
	GlobalSection(SolutionProperties) = preSolution
		HideSolutionNode = FALSE
	EndGlobalSection
	GlobalSection(ExtensibilityGlobals) = postSolution
		SolutionGuid = {45CD92D6-7383-4FF6-8A7B-F6FF79F381BD}
	EndGlobalSection
EndGlobal
